
Microsoft Visual Studio Solution File, Format Version 12.00
# Visual Studio Version 17
VisualStudioVersion = 17.9.34902.65
MinimumVisualStudioVersion = 10.0.40219.1
Project("{FAE04EC0-301F-11D3-BF4B-00C04F79EFBC}") = "Nhom_1", "Nhom_1\Nhom_1.csproj", "{11F998D3-71BB-4C6E-A184-66925E5C643D}"
EndProject
Global
	GlobalSection(SolutionConfigurationPlatforms) = preSolution
		Debug|Any CPU = Debug|Any CPU
		Release|Any CPU = Release|Any CPU
	EndGlobalSection
	GlobalSection(ProjectConfigurationPlatforms) = postSolution
		{11F998D3-71BB-4C6E-A184-66925E5C643D}.Debug|Any CPU.ActiveCfg = Debug|Any CPU
		{11F998D3-71BB-4C6E-A184-66925E5C643D}.Debug|Any CPU.Build.0 = Debug|Any CPU
		{11F998D3-71BB-4C6E-A184-66925E5C643D}.Release|Any CPU.ActiveCfg = Release|Any CPU
		{11F998D3-71BB-4C6E-A184-66925E5C643D}.Release|Any CPU.Build.0 = Release|Any CPU
	EndGlobalSection
	GlobalSection(SolutionProperties) = preSolution
		HideSolutionNode = FALSE
	EndGlobalSection
	GlobalSection(ExtensibilityGlobals) = postSolution
		SolutionGuid = {E60C99F9-F7FE-496F-9560-5FDF1EA3088E}
	EndGlobalSection
EndGlobal
